
Microsoft Visual Studio Solution File, Format Version 12.00
# Visual Studio 2012
Project("{FAE04EC0-301F-11D3-BF4B-00C04F79EFBC}") = "Library Management", "Library Management\Library Management.csproj", "{E18450C4-30A9-4170-AA0A-06DE05999B40}"
EndProject
Global
	GlobalSection(SolutionConfigurationPlatforms) = preSolution
		Debug|Any CPU = Debug|Any CPU
		Release|Any CPU = Release|Any CPU
	EndGlobalSection
	GlobalSection(ProjectConfigurationPlatforms) = postSolution
		{E18450C4-30A9-4170-AA0A-06DE05999B40}.Debug|Any CPU.ActiveCfg = Debug|Any CPU
		{E18450C4-30A9-4170-AA0A-06DE05999B40}.Debug|Any CPU.Build.0 = Debug|Any CPU
		{E18450C4-30A9-4170-AA0A-06DE05999B40}.Release|Any CPU.ActiveCfg = Release|Any CPU
		{E18450C4-30A9-4170-AA0A-06DE05999B40}.Release|Any CPU.Build.0 = Release|Any CPU
	EndGlobalSection
	GlobalSection(SolutionProperties) = preSolution
		HideSolutionNode = FALSE
	EndGlobalSection
EndGlobal
